
Microsoft Visual Studio Solution File, Format Version 12.00
# Visual Studio 15
VisualStudioVersion = 15.0.28307.136
MinimumVisualStudioVersion = 10.0.40219.1
Project("{FAE04EC0-301F-11D3-BF4B-00C04F79EFBC}") = "ExtracaoCotacoes", "ExtracaoCotacoes\ExtracaoCotacoes.csproj", "{B89716B0-B26D-4695-8997-DE80AF02BF8D}"
EndProject
Global
	GlobalSection(SolutionConfigurationPlatforms) = preSolution
		Debug|Any CPU = Debug|Any CPU
		Release|Any CPU = Release|Any CPU
	EndGlobalSection
	GlobalSection(ProjectConfigurationPlatforms) = postSolution
		{B89716B0-B26D-4695-8997-DE80AF02BF8D}.Debug|Any CPU.ActiveCfg = Debug|Any CPU
		{B89716B0-B26D-4695-8997-DE80AF02BF8D}.Debug|Any CPU.Build.0 = Debug|Any CPU
		{B89716B0-B26D-4695-8997-DE80AF02BF8D}.Release|Any CPU.ActiveCfg = Release|Any CPU
		{B89716B0-B26D-4695-8997-DE80AF02BF8D}.Release|Any CPU.Build.0 = Release|Any CPU
	EndGlobalSection
	GlobalSection(SolutionProperties) = preSolution
		HideSolutionNode = FALSE
	EndGlobalSection
	GlobalSection(ExtensibilityGlobals) = postSolution
		SolutionGuid = {4F1E3A83-0EF2-4BB0-92D5-02C82209ADC1}
	EndGlobalSection
EndGlobal
